
Microsoft Visual Studio Solution File, Format Version 12.00
# Visual Studio Version 17
VisualStudioVersion = 17.8.34322.80
MinimumVisualStudioVersion = 10.0.40219.1
Project("{FAE04EC0-301F-11D3-BF4B-00C04F79EFBC}") = "pag372ex005", "pag372ex005\pag372ex005.csproj", "{D474AAD6-E637-4EF8-86D8-BAAEB4ED5DDF}"
EndProject
Global
	GlobalSection(SolutionConfigurationPlatforms) = preSolution
		Debug|Any CPU = Debug|Any CPU
		Release|Any CPU = Release|Any CPU
	EndGlobalSection
	GlobalSection(ProjectConfigurationPlatforms) = postSolution
		{D474AAD6-E637-4EF8-86D8-BAAEB4ED5DDF}.Debug|Any CPU.ActiveCfg = Debug|Any CPU
		{D474AAD6-E637-4EF8-86D8-BAAEB4ED5DDF}.Debug|Any CPU.Build.0 = Debug|Any CPU
		{D474AAD6-E637-4EF8-86D8-BAAEB4ED5DDF}.Release|Any CPU.ActiveCfg = Release|Any CPU
		{D474AAD6-E637-4EF8-86D8-BAAEB4ED5DDF}.Release|Any CPU.Build.0 = Release|Any CPU
	EndGlobalSection
	GlobalSection(SolutionProperties) = preSolution
		HideSolutionNode = FALSE
	EndGlobalSection
	GlobalSection(ExtensibilityGlobals) = postSolution
		SolutionGuid = {1B9FAD0E-AD17-4524-A555-DD14D1195E30}
	EndGlobalSection
EndGlobal
