
Microsoft Visual Studio Solution File, Format Version 12.00
# Visual Studio Version 17
VisualStudioVersion = 17.8.34322.80
MinimumVisualStudioVersion = 10.0.40219.1
Project("{FAE04EC0-301F-11D3-BF4B-00C04F79EFBC}") = "pag372ex012", "pag372ex012\pag372ex012.csproj", "{AE4F5289-06F7-4603-9D49-CFE056215778}"
EndProject
Global
	GlobalSection(SolutionConfigurationPlatforms) = preSolution
		Debug|Any CPU = Debug|Any CPU
		Release|Any CPU = Release|Any CPU
	EndGlobalSection
	GlobalSection(ProjectConfigurationPlatforms) = postSolution
		{AE4F5289-06F7-4603-9D49-CFE056215778}.Debug|Any CPU.ActiveCfg = Debug|Any CPU
		{AE4F5289-06F7-4603-9D49-CFE056215778}.Debug|Any CPU.Build.0 = Debug|Any CPU
		{AE4F5289-06F7-4603-9D49-CFE056215778}.Release|Any CPU.ActiveCfg = Release|Any CPU
		{AE4F5289-06F7-4603-9D49-CFE056215778}.Release|Any CPU.Build.0 = Release|Any CPU
	EndGlobalSection
	GlobalSection(SolutionProperties) = preSolution
		HideSolutionNode = FALSE
	EndGlobalSection
	GlobalSection(ExtensibilityGlobals) = postSolution
		SolutionGuid = {4082DF0F-8437-4D8E-9C58-407E3432D266}
	EndGlobalSection
EndGlobal
