
Microsoft Visual Studio Solution File, Format Version 12.00
# Visual Studio Version 17
VisualStudioVersion = 17.8.34322.80
MinimumVisualStudioVersion = 10.0.40219.1
Project("{FAE04EC0-301F-11D3-BF4B-00C04F79EFBC}") = "pag372ex017", "pag372ex017\pag372ex017.csproj", "{FA7B051F-A757-4653-8058-E51F8363218C}"
EndProject
Global
	GlobalSection(SolutionConfigurationPlatforms) = preSolution
		Debug|Any CPU = Debug|Any CPU
		Release|Any CPU = Release|Any CPU
	EndGlobalSection
	GlobalSection(ProjectConfigurationPlatforms) = postSolution
		{FA7B051F-A757-4653-8058-E51F8363218C}.Debug|Any CPU.ActiveCfg = Debug|Any CPU
		{FA7B051F-A757-4653-8058-E51F8363218C}.Debug|Any CPU.Build.0 = Debug|Any CPU
		{FA7B051F-A757-4653-8058-E51F8363218C}.Release|Any CPU.ActiveCfg = Release|Any CPU
		{FA7B051F-A757-4653-8058-E51F8363218C}.Release|Any CPU.Build.0 = Release|Any CPU
	EndGlobalSection
	GlobalSection(SolutionProperties) = preSolution
		HideSolutionNode = FALSE
	EndGlobalSection
	GlobalSection(ExtensibilityGlobals) = postSolution
		SolutionGuid = {A13BBC18-AA4D-4B42-9520-58F5D55A616F}
	EndGlobalSection
EndGlobal
