
Microsoft Visual Studio Solution File, Format Version 12.00
# Visual Studio Version 17
VisualStudioVersion = 17.8.34322.80
MinimumVisualStudioVersion = 10.0.40219.1
Project("{FAE04EC0-301F-11D3-BF4B-00C04F79EFBC}") = "pag374ex028", "pag374ex028\pag374ex028.csproj", "{292168F1-C3ED-49E1-B351-FB5669A65EBF}"
EndProject
Global
	GlobalSection(SolutionConfigurationPlatforms) = preSolution
		Debug|Any CPU = Debug|Any CPU
		Release|Any CPU = Release|Any CPU
	EndGlobalSection
	GlobalSection(ProjectConfigurationPlatforms) = postSolution
		{292168F1-C3ED-49E1-B351-FB5669A65EBF}.Debug|Any CPU.ActiveCfg = Debug|Any CPU
		{292168F1-C3ED-49E1-B351-FB5669A65EBF}.Debug|Any CPU.Build.0 = Debug|Any CPU
		{292168F1-C3ED-49E1-B351-FB5669A65EBF}.Release|Any CPU.ActiveCfg = Release|Any CPU
		{292168F1-C3ED-49E1-B351-FB5669A65EBF}.Release|Any CPU.Build.0 = Release|Any CPU
	EndGlobalSection
	GlobalSection(SolutionProperties) = preSolution
		HideSolutionNode = FALSE
	EndGlobalSection
	GlobalSection(ExtensibilityGlobals) = postSolution
		SolutionGuid = {BE3A32E5-507E-4A66-B891-F8858949F8FD}
	EndGlobalSection
EndGlobal
