
Microsoft Visual Studio Solution File, Format Version 12.00
# Visual Studio Version 17
VisualStudioVersion = 17.8.34322.80
MinimumVisualStudioVersion = 10.0.40219.1
Project("{FAE04EC0-301F-11D3-BF4B-00C04F79EFBC}") = "pag372ex001", "pag372ex001\pag372ex001.csproj", "{E0237ABF-E58D-473E-9FDD-981F9B973C69}"
EndProject
Global
	GlobalSection(SolutionConfigurationPlatforms) = preSolution
		Debug|Any CPU = Debug|Any CPU
		Release|Any CPU = Release|Any CPU
	EndGlobalSection
	GlobalSection(ProjectConfigurationPlatforms) = postSolution
		{E0237ABF-E58D-473E-9FDD-981F9B973C69}.Debug|Any CPU.ActiveCfg = Debug|Any CPU
		{E0237ABF-E58D-473E-9FDD-981F9B973C69}.Debug|Any CPU.Build.0 = Debug|Any CPU
		{E0237ABF-E58D-473E-9FDD-981F9B973C69}.Release|Any CPU.ActiveCfg = Release|Any CPU
		{E0237ABF-E58D-473E-9FDD-981F9B973C69}.Release|Any CPU.Build.0 = Release|Any CPU
	EndGlobalSection
	GlobalSection(SolutionProperties) = preSolution
		HideSolutionNode = FALSE
	EndGlobalSection
	GlobalSection(ExtensibilityGlobals) = postSolution
		SolutionGuid = {347908A2-4FE1-4908-AD3F-932EDFAD79BD}
	EndGlobalSection
EndGlobal
