
Microsoft Visual Studio Solution File, Format Version 12.00
# Visual Studio Version 17
VisualStudioVersion = 17.8.34322.80
MinimumVisualStudioVersion = 10.0.40219.1
Project("{FAE04EC0-301F-11D3-BF4B-00C04F79EFBC}") = "pag373ex023", "pag373ex023\pag373ex023.csproj", "{BB44BA14-24F4-40FA-8359-6F44AFD39784}"
EndProject
Global
	GlobalSection(SolutionConfigurationPlatforms) = preSolution
		Debug|Any CPU = Debug|Any CPU
		Release|Any CPU = Release|Any CPU
	EndGlobalSection
	GlobalSection(ProjectConfigurationPlatforms) = postSolution
		{BB44BA14-24F4-40FA-8359-6F44AFD39784}.Debug|Any CPU.ActiveCfg = Debug|Any CPU
		{BB44BA14-24F4-40FA-8359-6F44AFD39784}.Debug|Any CPU.Build.0 = Debug|Any CPU
		{BB44BA14-24F4-40FA-8359-6F44AFD39784}.Release|Any CPU.ActiveCfg = Release|Any CPU
		{BB44BA14-24F4-40FA-8359-6F44AFD39784}.Release|Any CPU.Build.0 = Release|Any CPU
	EndGlobalSection
	GlobalSection(SolutionProperties) = preSolution
		HideSolutionNode = FALSE
	EndGlobalSection
	GlobalSection(ExtensibilityGlobals) = postSolution
		SolutionGuid = {CD42D14D-A2AF-485B-945A-C2AE36E40568}
	EndGlobalSection
EndGlobal
