
Microsoft Visual Studio Solution File, Format Version 12.00
# Visual Studio Version 17
VisualStudioVersion = 17.8.34322.80
MinimumVisualStudioVersion = 10.0.40219.1
Project("{FAE04EC0-301F-11D3-BF4B-00C04F79EFBC}") = "pag372ex013", "pag372ex013\pag372ex013.csproj", "{374E5DF5-C2DE-4AF3-9ADE-45FDA741B141}"
EndProject
Global
	GlobalSection(SolutionConfigurationPlatforms) = preSolution
		Debug|Any CPU = Debug|Any CPU
		Release|Any CPU = Release|Any CPU
	EndGlobalSection
	GlobalSection(ProjectConfigurationPlatforms) = postSolution
		{374E5DF5-C2DE-4AF3-9ADE-45FDA741B141}.Debug|Any CPU.ActiveCfg = Debug|Any CPU
		{374E5DF5-C2DE-4AF3-9ADE-45FDA741B141}.Debug|Any CPU.Build.0 = Debug|Any CPU
		{374E5DF5-C2DE-4AF3-9ADE-45FDA741B141}.Release|Any CPU.ActiveCfg = Release|Any CPU
		{374E5DF5-C2DE-4AF3-9ADE-45FDA741B141}.Release|Any CPU.Build.0 = Release|Any CPU
	EndGlobalSection
	GlobalSection(SolutionProperties) = preSolution
		HideSolutionNode = FALSE
	EndGlobalSection
	GlobalSection(ExtensibilityGlobals) = postSolution
		SolutionGuid = {8A9581B0-BBD9-4A91-B94B-BDFEE36BF05F}
	EndGlobalSection
EndGlobal
